{
  "originHash" : "f26506da0f3bfee84badb35c5ffcab6252010fcf30c74627701362e57177d7a0",
  "pins" : [
    {
      "identity" : "mbasyncnetworkingxcframework",
      "kind" : "remoteSourceControl",
      "location" : "https://github.com/mobven/MBAsyncNetworkingXCFramework.git",
      "state" : {
        "revision" : "b932c5ec157a936b283a7faea1eb73f6d48ec475",
        "version" : "1.0.0"
      }
    },
    {
      "identity" : "mobkitcorexcframework",
      "kind" : "remoteSourceControl",
      "location" : "https://github.com/mobven/MobkitCoreXCFramework.git",
      "state" : {
        "revision" : "4ed528c961650003967f452d0569fe25a0434f95",
        "version" : "1.0.0"
      }
    }
  ],
  "version" : 3
}
